
Microsoft Visual Studio Solution File, Format Version 12.00
# Visual Studio 15
VisualStudioVersion = 15.0.26730.12
MinimumVisualStudioVersion = 10.0.40219.1
Project("{FAE04EC0-301F-11D3-BF4B-00C04F79EFBC}") = "ODataToLinq", "ODataToLinq\ODataToLinq.csproj", "{C53C77BE-E3C3-480A-82EE-C58FF3FD5C39}"
EndProject
Project("{FAE04EC0-301F-11D3-BF4B-00C04F79EFBC}") = "ODataToLinq.Test", "ODataToLinq.Test\ODataToLinq.Test.csproj", "{3A874592-8C07-4FD5-BD69-062FD4B604E8}"
EndProject
Global
	GlobalSection(SolutionConfigurationPlatforms) = preSolution
		Debug|Any CPU = Debug|Any CPU
		Release|Any CPU = Release|Any CPU
	EndGlobalSection
	GlobalSection(ProjectConfigurationPlatforms) = postSolution
		{C53C77BE-E3C3-480A-82EE-C58FF3FD5C39}.Debug|Any CPU.ActiveCfg = Debug|Any CPU
		{C53C77BE-E3C3-480A-82EE-C58FF3FD5C39}.Debug|Any CPU.Build.0 = Debug|Any CPU
		{C53C77BE-E3C3-480A-82EE-C58FF3FD5C39}.Release|Any CPU.ActiveCfg = Release|Any CPU
		{C53C77BE-E3C3-480A-82EE-C58FF3FD5C39}.Release|Any CPU.Build.0 = Release|Any CPU
		{3A874592-8C07-4FD5-BD69-062FD4B604E8}.Debug|Any CPU.ActiveCfg = Debug|Any CPU
		{3A874592-8C07-4FD5-BD69-062FD4B604E8}.Debug|Any CPU.Build.0 = Debug|Any CPU
		{3A874592-8C07-4FD5-BD69-062FD4B604E8}.Release|Any CPU.ActiveCfg = Release|Any CPU
		{3A874592-8C07-4FD5-BD69-062FD4B604E8}.Release|Any CPU.Build.0 = Release|Any CPU
	EndGlobalSection
	GlobalSection(SolutionProperties) = preSolution
		HideSolutionNode = FALSE
	EndGlobalSection
	GlobalSection(ExtensibilityGlobals) = postSolution
		SolutionGuid = {69610F48-F1C4-4BCE-BBE7-1CEB6EDBBB10}
	EndGlobalSection
EndGlobal
