
Microsoft Visual Studio Solution File, Format Version 12.00
# Visual Studio 2012
Project("{FAE04EC0-301F-11D3-BF4B-00C04F79EFBC}") = "ODataToLinq", "ODataToLinq\ODataToLinq.csproj", "{C53C77BE-E3C3-480A-82EE-C58FF3FD5C39}"
EndProject
Project("{2150E333-8FDC-42A3-9474-1A3956D46DE8}") = ".nuget", ".nuget", "{4798A074-7065-4B36-A932-51F664F4C0F5}"
	ProjectSection(SolutionItems) = preProject
		.nuget\NuGet.Config = .nuget\NuGet.Config
		.nuget\NuGet.exe = .nuget\NuGet.exe
		.nuget\NuGet.targets = .nuget\NuGet.targets
	EndProjectSection
EndProject
Project("{FAE04EC0-301F-11D3-BF4B-00C04F79EFBC}") = "ODataToLinq.Test", "ODataToLinq.Test\ODataToLinq.Test.csproj", "{3A874592-8C07-4FD5-BD69-062FD4B604E8}"
EndProject
Global
	GlobalSection(SolutionConfigurationPlatforms) = preSolution
		Debug|Any CPU = Debug|Any CPU
		Release|Any CPU = Release|Any CPU
	EndGlobalSection
	GlobalSection(ProjectConfigurationPlatforms) = postSolution
		{C53C77BE-E3C3-480A-82EE-C58FF3FD5C39}.Debug|Any CPU.ActiveCfg = Debug|Any CPU
		{C53C77BE-E3C3-480A-82EE-C58FF3FD5C39}.Debug|Any CPU.Build.0 = Debug|Any CPU
		{C53C77BE-E3C3-480A-82EE-C58FF3FD5C39}.Release|Any CPU.ActiveCfg = Release|Any CPU
		{C53C77BE-E3C3-480A-82EE-C58FF3FD5C39}.Release|Any CPU.Build.0 = Release|Any CPU
		{3A874592-8C07-4FD5-BD69-062FD4B604E8}.Debug|Any CPU.ActiveCfg = Debug|Any CPU
		{3A874592-8C07-4FD5-BD69-062FD4B604E8}.Debug|Any CPU.Build.0 = Debug|Any CPU
		{3A874592-8C07-4FD5-BD69-062FD4B604E8}.Release|Any CPU.ActiveCfg = Release|Any CPU
		{3A874592-8C07-4FD5-BD69-062FD4B604E8}.Release|Any CPU.Build.0 = Release|Any CPU
	EndGlobalSection
	GlobalSection(SolutionProperties) = preSolution
		HideSolutionNode = FALSE
	EndGlobalSection
EndGlobal
